lock_version = 2
manifest_checksum = "60a75f3d9328e070cbdc98d6a50d9f3bfa69aafada884beff7f5052c369372c9"
target = "x86_64-pc-windows-msvc"
generator = "1.1.12"

[root_dependencies]
"言域" = "言域@0.4.0#a5b4b144f221-7c72131116ae1758"

[root_dev_dependencies]

[[package]]
id = "yanxu-html@0.1.1#25b0728287df-1d1e9fb34ea3b444"
name = "yanxu-html"
version = "0.1.1"
source = "path:../yanxu-html"
checksum = "1d1e9fb34ea3b444e90f1c7641b8cfd00fdd06cd95388643d7b9b74b198eddee"
entry = "src/言序HTML.yx"
target = "x86_64-pc-windows-msvc"
minimum_yanxu = ">=1.1.5"

[package.dependencies]

[package.exports]
"默认" = "src/言序HTML.yx"

[[package]]
id = "yanxu-http@0.1.1#aa4c50606c43-53850478fab458df"
name = "yanxu-http"
version = "0.1.1"
source = "path:../yanxu-http"
checksum = "53850478fab458df35a8631bd2427c37776780984b70086bd2462263c5ab8c73"
entry = "src/言序HTTP.yx"
target = "x86_64-pc-windows-msvc"
minimum_yanxu = ">=1.1.5"

[package.dependencies]

[package.exports]
"默认" = "src/言序HTTP.yx"

[[package]]
id = "yanxu-web@0.2.1#76ebc89b7f9d-6216e24590505da2"
name = "yanxu-web"
version = "0.2.1"
source = "path:vendor/yanxu-web"
checksum = "6216e24590505da220b9ca87c6b8be51c9bd7892792a5df5b2fd2ba082386911"
entry = "src/言序Web.yx"
target = "x86_64-pc-windows-msvc"
minimum_yanxu = ">=1.1.5"

[package.dependencies]
yanxu-html = "yanxu-html@0.1.1#25b0728287df-1d1e9fb34ea3b444"
yanxu-http = "yanxu-http@0.1.1#aa4c50606c43-53850478fab458df"

[package.exports]
"言标" = "src/言标.yx"
"默认" = "src/言序Web.yx"

[[package]]
id = "言令@0.1.0#a7ac7754fa1a-b02dbe083f7b645b"
name = "言令"
version = "0.1.0"
source = "path:vendor/yanxu-cli"
checksum = "b02dbe083f7b645ba13297e40d80b818a4abf110b56f5579a5d60219ea8760fb"
entry = "src/言令.yx"
target = "x86_64-pc-windows-msvc"
minimum_yanxu = ">=1.1.6"

[package.dependencies]

[package.exports]
"默认" = "src/言令.yx"

[[package]]
id = "言域@0.4.0#a5b4b144f221-7c72131116ae1758"
name = "言域"
version = "0.4.0"
source = "path:.."
checksum = "7c72131116ae1758799b763d38238b9608c4bd20ac94cbdef4130b0196fe8fa0"
entry = "tools/言域.yx"
target = "x86_64-pc-windows-msvc"
minimum_yanxu = ">=1.1.12"

[package.dependencies]
"言令" = "言令@0.1.0#a7ac7754fa1a-b02dbe083f7b645b"
"言库" = "言库@0.1.0#b23e624e7307-d1e7eada94366336"
"言录" = "言录@0.1.0#f6492911912a-0bbfddea3996dcad"
"言据" = "言据@1.1.2#94caaaac9145-cfc64b2d561cc384"
"言时" = "言时@0.1.0#d4430e6965f8-9bdaf804be77c7ce"
"言枢" = "yanxu-web@0.2.1#76ebc89b7f9d-6216e24590505da2"
"言舟" = "言舟@0.1.0#52759d929bc0-0e94ade14f725c84"
"言验" = "言验@0.1.0#2335d12a7c33-fc369136b1061f39"

[package.exports]
"SQLite仓储" = "src/持久化/SQLite仓储.yx"
"世界事务" = "src/世界/世界事务.yx"
"世界循环" = "src/世界/世界循环.yx"
"事件" = "src/事件/事件总线.yx"
"事件日志" = "src/持久化/事件日志.yx"
"仓储" = "src/持久化/仓储协议.yx"
"内存仓储" = "src/持久化/内存仓储.yx"
"内容Schema" = "src/内容/Schema注册表.yx"
"内容加载" = "src/内容/文件加载器.yx"
"内容包" = "src/内容/内容包协议.yx"
"内容原型" = "src/内容/原型注册表.yx"
"内容图" = "src/内容/内容图.yx"
"内容工具" = "src/内容/内容工具.yx"
"内容差异" = "src/内容/内容差异.yx"
"内容引用" = "src/内容/引用解析.yx"
"内容文档" = "src/内容/内容文档.yx"
"内容热重载" = "src/内容/热重载.yx"
"内容版本" = "src/内容/语义版本.yx"
"命令" = "src/命令/命令协议.yx"
"命令输入" = "src/命令/输入解析.yx"
"实体" = "src/实体/实体.yx"
"数据迁移" = "src/持久化/数据迁移.yx"
"文件仓储" = "src/持久化/文件仓储.yx"
"本地化" = "src/内容/本地化.yx"
"消息" = "src/消息/消息协议.yx"
"消息渲染" = "src/消息/消息渲染.yx"
"系统" = "src/系统/系统注册表.yx"
"组件" = "src/组件/组件注册表.yx"
"虚拟时钟" = "src/测试支持/虚拟时钟.yx"
"通用组件" = "src/组件/通用组件.yx"
"默认" = "src/言域.yx"

[[package]]
id = "言库@0.1.0#6ff69da63b70-d1e7eada94366336"
name = "言库"
version = "0.1.0"
source = "path:../yanxu-db"
checksum = "d1e7eada94366336db2fe6782a2ff55c924da00a36a7749ce9972f1400ba04d7"
entry = "src/言库.yx"
target = "x86_64-pc-windows-msvc"
minimum_yanxu = ">=1.1.6"

[package.dependencies]

[package.exports]
"默认" = "src/言库.yx"

[[package]]
id = "言库@0.1.0#b23e624e7307-d1e7eada94366336"
name = "言库"
version = "0.1.0"
source = "path:vendor/yanxu-db"
checksum = "d1e7eada94366336db2fe6782a2ff55c924da00a36a7749ce9972f1400ba04d7"
entry = "src/言库.yx"
target = "x86_64-pc-windows-msvc"
minimum_yanxu = ">=1.1.6"

[package.dependencies]

[package.exports]
"默认" = "src/言库.yx"

[[package]]
id = "言录@0.1.0#f6492911912a-0bbfddea3996dcad"
name = "言录"
version = "0.1.0"
source = "path:vendor/yanxu-log"
checksum = "0bbfddea3996dcad69bf0d8232ec3744bedbb42677e5697c1993b0378747ce3c"
entry = "src/言录.yx"
target = "x86_64-pc-windows-msvc"
minimum_yanxu = ">=1.1.6"

[package.dependencies]
"言据" = "言据@1.1.2#5584cec81232-cfc64b2d561cc384"

[package.exports]
"默认" = "src/言录.yx"

[[package]]
id = "言据@1.1.2#5584cec81232-cfc64b2d561cc384"
name = "言据"
version = "1.1.2"
source = "path:../yanju"
checksum = "cfc64b2d561cc3849e4da3a5f2cbee18465832ebf76e9873caec96ec476225db"
entry = "src/言据.yx"
target = "x86_64-pc-windows-msvc"
minimum_yanxu = ">=1.1.6"

[package.dependencies]

[package.exports]
"默认" = "src/言据.yx"

[[package]]
id = "言据@1.1.2#94caaaac9145-cfc64b2d561cc384"
name = "言据"
version = "1.1.2"
source = "path:vendor/yanju"
checksum = "cfc64b2d561cc3849e4da3a5f2cbee18465832ebf76e9873caec96ec476225db"
entry = "src/言据.yx"
target = "x86_64-pc-windows-msvc"
minimum_yanxu = ">=1.1.6"

[package.dependencies]

[package.exports]
"默认" = "src/言据.yx"

[[package]]
id = "言时@0.1.0#d4430e6965f8-9bdaf804be77c7ce"
name = "言时"
version = "0.1.0"
source = "path:vendor/yanxu-datetime"
checksum = "9bdaf804be77c7cee2cf627a50dbdc109734e16fcbfdfb64f994329a346f8637"
entry = "src/言时.yx"
target = "x86_64-pc-windows-msvc"
minimum_yanxu = ">=1.1.6"

[package.dependencies]

[package.exports]
"默认" = "src/言时.yx"

[[package]]
id = "言舟@0.1.0#52759d929bc0-0e94ade14f725c84"
name = "言舟"
version = "0.1.0"
source = "path:vendor/yanxu-sqlite"
checksum = "0e94ade14f725c8485af228a54653d4472fb0b72c9c1e45f3af03cf2e02be215"
entry = "src/言舟.yx"
target = "x86_64-pc-windows-msvc"
minimum_yanxu = ">=1.1.6"

[package.dependencies]
"言库" = "言库@0.1.0#6ff69da63b70-d1e7eada94366336"

[package.exports]
"默认" = "src/言舟.yx"

[[package]]
id = "言验@0.1.0#2335d12a7c33-fc369136b1061f39"
name = "言验"
version = "0.1.0"
source = "path:vendor/yanxu-validate"
checksum = "fc369136b1061f39485175e88ee1de1d740c35134e095d2cd34e01c3a955b094"
entry = "src/言验.yx"
target = "x86_64-pc-windows-msvc"
minimum_yanxu = ">=1.1.6"

[package.dependencies]

[package.exports]
"默认" = "src/言验.yx"
